{
  "object": {
    "pins": [
      {
        "package": "SwiftSyntax",
        "repositoryURL": "https://github.com/apple/swift-syntax.git",
        "state": {
          "branch": "swift-DEVELOPMENT-SNAPSHOT-2019-07-10-m",
          "revision": "dd07c607c04a3adb61e6f973b3db88a7062c9f3c",
          "version": null
        }
      }
    ]
  },
  "version": 1
}
